
Microsoft Visual Studio Solution File, Format Version 12.00
# Visual Studio 15
VisualStudioVersion = 15.0.28010.2026
MinimumVisualStudioVersion = 10.0.40219.1
Project("{FAE04EC0-301F-11D3-BF4B-00C04F79EFBC}") = "project1", "project1\project1.csproj", "{029341E9-9288-4DD8-A382-2B90A2933270}"
EndProject
Global
	GlobalSection(SolutionConfigurationPlatforms) = preSolution
		Debug|Any CPU = Debug|Any CPU
		Release|Any CPU = Release|Any CPU
	EndGlobalSection
	GlobalSection(ProjectConfigurationPlatforms) = postSolution
		{029341E9-9288-4DD8-A382-2B90A2933270}.Debug|Any CPU.ActiveCfg = Debug|Any CPU
		{029341E9-9288-4DD8-A382-2B90A2933270}.Debug|Any CPU.Build.0 = Debug|Any CPU
		{029341E9-9288-4DD8-A382-2B90A2933270}.Release|Any CPU.ActiveCfg = Release|Any CPU
		{029341E9-9288-4DD8-A382-2B90A2933270}.Release|Any CPU.Build.0 = Release|Any CPU
	EndGlobalSection
	GlobalSection(SolutionProperties) = preSolution
		HideSolutionNode = FALSE
	EndGlobalSection
	GlobalSection(ExtensibilityGlobals) = postSolution
		SolutionGuid = {DFDC37B9-577B-4971-8EDE-8CBE29CF1CC6}
	EndGlobalSection
EndGlobal
